{
    "_readme": [
        "This file locks the dependencies of your project to a known state",
        "Read more about it at http://getcomposer.org/doc/01-basic-usage.md#composer-lock-the-lock-file"
    ],
    "hash": "8fb293cac9bad4bfbaae8db75cc6ae36",
    "packages": [
        {
            "name": "dropbox/dropbox-sdk",
            "version": "v1.1.1",
            "source": {
                "type": "git",
                "url": "https://github.com/dropbox/dropbox-sdk-php.git",
                "reference": "dce57e4f5e50a23e497e9e8db647839d404ee0b8"
            },
            "dist": {
                "type": "zip",
                "url": "https://api.github.com/repos/dropbox/dropbox-sdk-php/zipball/dce57e4f5e50a23e497e9e8db647839d404ee0b8",
                "reference": "dce57e4f5e50a23e497e9e8db647839d404ee0b8",
                "shasum": ""
            },
            "require": {
                "ext-curl": "*",
                "php": ">= 5.3"
            },
            "require-dev": {
                "apigen/apigen": "2.8.1",
                "phpunit/phpunit": "3.7.*"
            },
            "type": "library",
            "autoload": {
                "psr-0": {
                    "Dropbox": "lib/"
                }
            },
            "notification-url": "https://packagist.org/downloads/",
            "license": [
                "MIT"
            ],
            "description": "Dropbox SDK for PHP",
            "keywords": [
                "dropbox"
            ],
            "time": "2013-08-22 02:38:03"
        },
        {
            "name": "symfony/console",
            "version": "v2.3.2",
            "target-dir": "Symfony/Component/Console",
            "source": {
                "type": "git",
                "url": "https://github.com/symfony/Console.git",
                "reference": "v2.3.2"
            },
            "dist": {
                "type": "zip",
                "url": "https://api.github.com/repos/symfony/Console/zipball/v2.3.2",
                "reference": "v2.3.2",
                "shasum": ""
            },
            "require": {
                "php": ">=5.3.3"
            },
            "require-dev": {
                "symfony/event-dispatcher": "~2.1"
            },
            "suggest": {
                "symfony/event-dispatcher": ""
            },
            "type": "library",
            "extra": {
                "branch-alias": {
                    "dev-master": "2.3-dev"
                }
            },
            "autoload": {
                "psr-0": {
                    "Symfony\\Component\\Console\\": ""
                }
            },
            "notification-url": "https://packagist.org/downloads/",
            "license": [
                "MIT"
            ],
            "authors": [
                {
                    "name": "Fabien Potencier",
                    "email": "fabien@symfony.com"
                },
                {
                    "name": "Symfony Community",
                    "homepage": "http://symfony.com/contributors"
                }
            ],
            "description": "Symfony Console Component",
            "homepage": "http://symfony.com",
            "time": "2013-07-11 19:36:36"
        }
    ],
    "packages-dev": [

    ],
    "aliases": [

    ],
    "minimum-stability": "stable",
    "stability-flags": [

    ],
    "platform": [

    ],
    "platform-dev": [

    ]
}
